
Microsoft Visual Studio Solution File, Format Version 12.00
# Visual Studio Version 17
VisualStudioVersion = 17.10.34902.84
MinimumVisualStudioVersion = 10.0.40219.1
Project("{9A19103F-16F7-4668-BE54-9A1E7A4F7556}") = "APICore", "RestsharpAPI\APICore.csproj", "{8CC362EF-CDA9-4AA0-8D75-F5133B801946}"
EndProject
Project("{9A19103F-16F7-4668-BE54-9A1E7A4F7556}") = "APITestcases", "APITestcases\APITestcases.csproj", "{827E5C5E-733A-4119-A010-7B26947F7806}"
EndProject
Project("{9A19103F-16F7-4668-BE54-9A1E7A4F7556}") = "SeleniumCore", "SeleniumCore\SeleniumCore.csproj", "{AC00693A-1F99-4774-AC68-F92F1A42D83F}"
EndProject
Project("{9A19103F-16F7-4668-BE54-9A1E7A4F7556}") = "UITests", "UITests\UITests.csproj", "{574DAE98-F09D-428A-AC68-18467D5A4559}"
EndProject
Project("{FAE04EC0-301F-11D3-BF4B-00C04F79EFBC}") = "UICore", "UICore\UICore.csproj", "{85C890EA-F8F2-4898-A8C8-7D8D30C0DFA7}"
EndProject
Global
	GlobalSection(SolutionConfigurationPlatforms) = preSolution
		Debug|Any CPU = Debug|Any CPU
		Release|Any CPU = Release|Any CPU
	EndGlobalSection
	GlobalSection(ProjectConfigurationPlatforms) = postSolution
		{8CC362EF-CDA9-4AA0-8D75-F5133B801946}.Debug|Any CPU.ActiveCfg = Debug|Any CPU
		{8CC362EF-CDA9-4AA0-8D75-F5133B801946}.Debug|Any CPU.Build.0 = Debug|Any CPU
		{8CC362EF-CDA9-4AA0-8D75-F5133B801946}.Release|Any CPU.ActiveCfg = Release|Any CPU
		{8CC362EF-CDA9-4AA0-8D75-F5133B801946}.Release|Any CPU.Build.0 = Release|Any CPU
		{827E5C5E-733A-4119-A010-7B26947F7806}.Debug|Any CPU.ActiveCfg = Debug|Any CPU
		{827E5C5E-733A-4119-A010-7B26947F7806}.Debug|Any CPU.Build.0 = Debug|Any CPU
		{827E5C5E-733A-4119-A010-7B26947F7806}.Release|Any CPU.ActiveCfg = Release|Any CPU
		{827E5C5E-733A-4119-A010-7B26947F7806}.Release|Any CPU.Build.0 = Release|Any CPU
		{AC00693A-1F99-4774-AC68-F92F1A42D83F}.Debug|Any CPU.ActiveCfg = Debug|Any CPU
		{AC00693A-1F99-4774-AC68-F92F1A42D83F}.Debug|Any CPU.Build.0 = Debug|Any CPU
		{AC00693A-1F99-4774-AC68-F92F1A42D83F}.Release|Any CPU.ActiveCfg = Release|Any CPU
		{AC00693A-1F99-4774-AC68-F92F1A42D83F}.Release|Any CPU.Build.0 = Release|Any CPU
		{574DAE98-F09D-428A-AC68-18467D5A4559}.Debug|Any CPU.ActiveCfg = Debug|Any CPU
		{574DAE98-F09D-428A-AC68-18467D5A4559}.Debug|Any CPU.Build.0 = Debug|Any CPU
		{574DAE98-F09D-428A-AC68-18467D5A4559}.Release|Any CPU.ActiveCfg = Release|Any CPU
		{574DAE98-F09D-428A-AC68-18467D5A4559}.Release|Any CPU.Build.0 = Release|Any CPU
		{85C890EA-F8F2-4898-A8C8-7D8D30C0DFA7}.Debug|Any CPU.ActiveCfg = Debug|Any CPU
		{85C890EA-F8F2-4898-A8C8-7D8D30C0DFA7}.Debug|Any CPU.Build.0 = Debug|Any CPU
		{85C890EA-F8F2-4898-A8C8-7D8D30C0DFA7}.Release|Any CPU.ActiveCfg = Release|Any CPU
		{85C890EA-F8F2-4898-A8C8-7D8D30C0DFA7}.Release|Any CPU.Build.0 = Release|Any CPU
	EndGlobalSection
	GlobalSection(SolutionProperties) = preSolution
		HideSolutionNode = FALSE
	EndGlobalSection
	GlobalSection(ExtensibilityGlobals) = postSolution
		SolutionGuid = {0D2E3CC1-3AF5-49F1-A23E-56BCCF0D8590}
	EndGlobalSection
EndGlobal
